
Microsoft Visual Studio Solution File, Format Version 12.00
# Visual Studio Version 17
VisualStudioVersion = 17.11.35222.181
MinimumVisualStudioVersion = 10.0.40219.1
Project("{9A19103F-16F7-4668-BE54-9A1E7A4F7556}") = "BackendGameVibes", "BackendGameVibes\BackendGameVibes.csproj", "{21DD41A9-A8D0-40EE-B201-5B570407AF09}"
EndProject
Project("{E53339B2-1760-4266-BCC7-CA923CBCF16C}") = "docker-compose", "docker-compose.dcproj", "{8B34CCEC-7BF9-415F-A48D-563EB0BE2D2D}"
EndProject
Global
	GlobalSection(SolutionConfigurationPlatforms) = preSolution
		Debug|Any CPU = Debug|Any CPU
		Release|Any CPU = Release|Any CPU
	EndGlobalSection
	GlobalSection(ProjectConfigurationPlatforms) = postSolution
		{21DD41A9-A8D0-40EE-B201-5B570407AF09}.Debug|Any CPU.ActiveCfg = Debug|Any CPU
		{21DD41A9-A8D0-40EE-B201-5B570407AF09}.Debug|Any CPU.Build.0 = Debug|Any CPU
		{21DD41A9-A8D0-40EE-B201-5B570407AF09}.Release|Any CPU.ActiveCfg = Release|Any CPU
		{21DD41A9-A8D0-40EE-B201-5B570407AF09}.Release|Any CPU.Build.0 = Release|Any CPU
		{8B34CCEC-7BF9-415F-A48D-563EB0BE2D2D}.Debug|Any CPU.ActiveCfg = Debug|Any CPU
		{8B34CCEC-7BF9-415F-A48D-563EB0BE2D2D}.Debug|Any CPU.Build.0 = Debug|Any CPU
		{8B34CCEC-7BF9-415F-A48D-563EB0BE2D2D}.Release|Any CPU.ActiveCfg = Release|Any CPU
		{8B34CCEC-7BF9-415F-A48D-563EB0BE2D2D}.Release|Any CPU.Build.0 = Release|Any CPU
	EndGlobalSection
	GlobalSection(SolutionProperties) = preSolution
		HideSolutionNode = FALSE
	EndGlobalSection
	GlobalSection(ExtensibilityGlobals) = postSolution
		SolutionGuid = {DC2515EA-9B94-442F-AE6D-91FF737B8F1A}
	EndGlobalSection
EndGlobal
